
Microsoft Visual Studio Solution File, Format Version 12.00
# Visual Studio Version 16
VisualStudioVersion = 16.0.30011.22
MinimumVisualStudioVersion = 10.0.40219.1
Project("{FAE04EC0-301F-11D3-BF4B-00C04F79EFBC}") = "TheGarage3", "TheGarage3\TheGarage3.csproj", "{F46A3895-CCC5-402B-A392-D8E82D3DE26E}"
EndProject
Global
	GlobalSection(SolutionConfigurationPlatforms) = preSolution
		Debug|Any CPU = Debug|Any CPU
		Release|Any CPU = Release|Any CPU
	EndGlobalSection
	GlobalSection(ProjectConfigurationPlatforms) = postSolution
		{F46A3895-CCC5-402B-A392-D8E82D3DE26E}.Debug|Any CPU.ActiveCfg = Debug|Any CPU
		{F46A3895-CCC5-402B-A392-D8E82D3DE26E}.Debug|Any CPU.Build.0 = Debug|Any CPU
		{F46A3895-CCC5-402B-A392-D8E82D3DE26E}.Release|Any CPU.ActiveCfg = Release|Any CPU
		{F46A3895-CCC5-402B-A392-D8E82D3DE26E}.Release|Any CPU.Build.0 = Release|Any CPU
	EndGlobalSection
	GlobalSection(SolutionProperties) = preSolution
		HideSolutionNode = FALSE
	EndGlobalSection
	GlobalSection(ExtensibilityGlobals) = postSolution
		SolutionGuid = {E2E79532-50B2-4906-9980-A0A1BE4E2927}
	EndGlobalSection
EndGlobal
